Microsoft Visual Studio Solution File, Format Version 12.00
# Visual Studio Version 17
VisualStudioVersion = 17.2.32210.308
MinimumVisualStudioVersion = 15.0.26124.0

Project("{2150E333-8FDC-42A3-9474-1A3956D46DE8}") = "Source", "Source", "{06CA4A07-D26E-4492-A23B-28C95C1F9AE6}"
EndProject
Project("{2150E333-8FDC-42A3-9474-1A3956D46DE8}") = "Platforms", "Platforms", "{3960E5F7-4B3A-4CE7-A681-DEDC6C3EDCED}"
EndProject
Project("{2150E333-8FDC-42A3-9474-1A3956D46DE8}") = "Backend", "Backend", "{98850FD8-8AF6-4EBE-A32D-FC11B2AFC657}"
EndProject
Project("{2150E333-8FDC-42A3-9474-1A3956D46DE8}") = "Tests", "Tests", "{CEA87FAE-5586-4D63-A9A2-8FF0A01087F1}"
EndProject

Project("{9A19103F-16F7-4668-BE54-9A1E7A4F7556}") = "SplitView", "SplitView\SplitView.csproj", "{079549FA-4576-44E4-9095-5F7489C1A6F6}"
EndProject
Project("{9A19103F-16F7-4668-BE54-9A1E7A4F7556}") = "SplitView.Shared", "SplitView.Shared\SplitView.Shared.csproj", "{2189102C-8698-4760-A2C5-ADED686F84E2}"
EndProject
Project("{9A19103F-16F7-4668-BE54-9A1E7A4F7556}") = "SplitView.Mobile", "SplitView.Mobile\SplitView.Mobile.csproj", "{FE611C65-753D-4728-A292-4E31B8319A67}"
EndProject
Project("{9A19103F-16F7-4668-BE54-9A1E7A4F7556}") = "SplitView.Windows", "SplitView.Windows\SplitView.Windows.csproj", "{0E49F515-94F2-4B11-85AD-E94EF3A97C4E}"
EndProject
Project("{9A19103F-16F7-4668-BE54-9A1E7A4F7556}") = "SplitView.Server", "SplitView.Server\SplitView.Server.csproj", "{97C21DC1-8804-45D5-A3B7-30DB30CDA4C3}"
EndProject
Project("{9A19103F-16F7-4668-BE54-9A1E7A4F7556}") = "SplitView.DataContracts", "SplitView.DataContracts\SplitView.DataContracts.csproj", "{7EB02150-C037-43F3-99CA-C9FAC906E123}"
EndProject
Project("{9A19103F-16F7-4668-BE54-9A1E7A4F7556}") = "SplitView.Tests", "SplitView.Tests\SplitView.Tests.csproj", "{61048564-3128-4F54-B5EF-F777DDC112ED}"
EndProject
Project("{9A19103F-16F7-4668-BE54-9A1E7A4F7556}") = "SplitView.UITests", "SplitView.UITests\SplitView.UITests.csproj", "{7CE1BCF0-B03B-4EA9-B240-7F004A16E320}"
EndProject

Project("{2150E333-8FDC-42A3-9474-1A3956D46DE8}") = "Solution Items", "Solution Items", "{BADA71DC-7FFD-4EDC-9F28-FB74AEADC713}"
	ProjectSection(SolutionItems) = preProject
		.gitignore = .gitignore
		Directory.Build.props = Directory.Build.props
		Directory.Build.targets = Directory.Build.targets
		solution-config.props.sample = solution-config.props.sample
		global.json = global.json
		Directory.Packages.props = Directory.Packages.props
	EndProjectSection
EndProject
Global
	GlobalSection(SolutionConfigurationPlatforms) = preSolution
		Debug|Any CPU = Debug|Any CPU
		Debug|ARM = Debug|ARM
		Debug|ARM64 = Debug|ARM64
		Debug|iPhone = Debug|iPhone
		Debug|iPhoneSimulator = Debug|iPhoneSimulator
		Debug|x64 = Debug|x64
		Debug|x86 = Debug|x86
		Release|Any CPU = Release|Any CPU
		Release|ARM = Release|ARM
		Release|ARM64 = Release|ARM64
		Release|iPhone = Release|iPhone
		Release|iPhoneSimulator = Release|iPhoneSimulator
		Release|x64 = Release|x64
		Release|x86 = Release|x86
	EndGlobalSection
	GlobalSection(ProjectConfigurationPlatforms) = postSolution
		{FE611C65-753D-4728-A292-4E31B8319A67}.Debug|Any CPU.ActiveCfg = Debug|Any CPU
		{FE611C65-753D-4728-A292-4E31B8319A67}.Debug|Any CPU.Build.0 = Debug|Any CPU
		{FE611C65-753D-4728-A292-4E31B8319A67}.Debug|Any CPU.Deploy.0 = Debug|Any CPU
		{FE611C65-753D-4728-A292-4E31B8319A67}.Debug|ARM.ActiveCfg = Debug|Any CPU
		{FE611C65-753D-4728-A292-4E31B8319A67}.Debug|ARM.Build.0 = Debug|Any CPU
		{FE611C65-753D-4728-A292-4E31B8319A67}.Debug|ARM.Deploy.0 = Debug|Any CPU
		{FE611C65-753D-4728-A292-4E31B8319A67}.Debug|ARM64.ActiveCfg = Debug|Any CPU
		{FE611C65-753D-4728-A292-4E31B8319A67}.Debug|ARM64.Build.0 = Debug|Any CPU
		{FE611C65-753D-4728-A292-4E31B8319A67}.Debug|ARM64.Deploy.0 = Debug|Any CPU
		{FE611C65-753D-4728-A292-4E31B8319A67}.Debug|iPhone.ActiveCfg = Debug|Any CPU
		{FE611C65-753D-4728-A292-4E31B8319A67}.Debug|iPhone.Build.0 = Debug|Any CPU
		{FE611C65-753D-4728-A292-4E31B8319A67}.Debug|iPhone.Deploy.0 = Debug|Any CPU
		{FE611C65-753D-4728-A292-4E31B8319A67}.Debug|iPhoneSimulator.ActiveCfg = Debug|Any CPU
		{FE611C65-753D-4728-A292-4E31B8319A67}.Debug|iPhoneSimulator.Build.0 = Debug|Any CPU
		{FE611C65-753D-4728-A292-4E31B8319A67}.Debug|iPhoneSimulator.Deploy.0 = Debug|Any CPU
		{FE611C65-753D-4728-A292-4E31B8319A67}.Debug|x64.ActiveCfg = Debug|Any CPU
		{FE611C65-753D-4728-A292-4E31B8319A67}.Debug|x64.Build.0 = Debug|Any CPU
		{FE611C65-753D-4728-A292-4E31B8319A67}.Debug|x64.Deploy.0 = Debug|Any CPU
		{FE611C65-753D-4728-A292-4E31B8319A67}.Debug|x86.ActiveCfg = Debug|Any CPU
		{FE611C65-753D-4728-A292-4E31B8319A67}.Debug|x86.Build.0 = Debug|Any CPU
		{FE611C65-753D-4728-A292-4E31B8319A67}.Debug|x86.Deploy.0 = Debug|Any CPU
		{FE611C65-753D-4728-A292-4E31B8319A67}.Release|Any CPU.ActiveCfg = Release|Any CPU
		{FE611C65-753D-4728-A292-4E31B8319A67}.Release|Any CPU.Build.0 = Release|Any CPU
		{FE611C65-753D-4728-A292-4E31B8319A67}.Release|Any CPU.Deploy.0 = Release|Any CPU
		{FE611C65-753D-4728-A292-4E31B8319A67}.Release|ARM.ActiveCfg = Release|Any CPU
		{FE611C65-753D-4728-A292-4E31B8319A67}.Release|ARM.Build.0 = Release|Any CPU
		{FE611C65-753D-4728-A292-4E31B8319A67}.Release|ARM.Deploy.0 = Release|Any CPU
		{FE611C65-753D-4728-A292-4E31B8319A67}.Release|ARM64.ActiveCfg = Release|Any CPU
		{FE611C65-753D-4728-A292-4E31B8319A67}.Release|ARM64.Build.0 = Release|Any CPU
		{FE611C65-753D-4728-A292-4E31B8319A67}.Release|ARM64.Deploy.0 = Release|Any CPU
		{FE611C65-753D-4728-A292-4E31B8319A67}.Release|iPhone.ActiveCfg = Release|Any CPU
		{FE611C65-753D-4728-A292-4E31B8319A67}.Release|iPhone.Build.0 = Release|Any CPU
		{FE611C65-753D-4728-A292-4E31B8319A67}.Release|iPhone.Deploy.0 = Release|Any CPU
		{FE611C65-753D-4728-A292-4E31B8319A67}.Release|iPhoneSimulator.ActiveCfg = Release|Any CPU
		{FE611C65-753D-4728-A292-4E31B8319A67}.Release|iPhoneSimulator.Build.0 = Release|Any CPU
		{FE611C65-753D-4728-A292-4E31B8319A67}.Release|iPhoneSimulator.Deploy.0 = Release|Any CPU
		{FE611C65-753D-4728-A292-4E31B8319A67}.Release|x64.ActiveCfg = Release|Any CPU
		{FE611C65-753D-4728-A292-4E31B8319A67}.Release|x64.Build.0 = Release|Any CPU
		{FE611C65-753D-4728-A292-4E31B8319A67}.Release|x64.Deploy.0 = Release|Any CPU
		{FE611C65-753D-4728-A292-4E31B8319A67}.Release|x86.ActiveCfg = Release|Any CPU
		{FE611C65-753D-4728-A292-4E31B8319A67}.Release|x86.Build.0 = Release|Any CPU
		{FE611C65-753D-4728-A292-4E31B8319A67}.Release|x86.Deploy.0 = Release|Any CPU
		{97C21DC1-8804-45D5-A3B7-30DB30CDA4C3}.Debug|Any CPU.ActiveCfg = Debug|Any CPU
		{97C21DC1-8804-45D5-A3B7-30DB30CDA4C3}.Debug|Any CPU.Build.0 = Debug|Any CPU
		{97C21DC1-8804-45D5-A3B7-30DB30CDA4C3}.Debug|ARM.ActiveCfg = Debug|Any CPU
		{97C21DC1-8804-45D5-A3B7-30DB30CDA4C3}.Debug|ARM.Build.0 = Debug|Any CPU
		{97C21DC1-8804-45D5-A3B7-30DB30CDA4C3}.Debug|ARM64.ActiveCfg = Debug|Any CPU
		{97C21DC1-8804-45D5-A3B7-30DB30CDA4C3}.Debug|ARM64.Build.0 = Debug|Any CPU
		{97C21DC1-8804-45D5-A3B7-30DB30CDA4C3}.Debug|iPhone.ActiveCfg = Debug|Any CPU
		{97C21DC1-8804-45D5-A3B7-30DB30CDA4C3}.Debug|iPhone.Build.0 = Debug|Any CPU
		{97C21DC1-8804-45D5-A3B7-30DB30CDA4C3}.Debug|iPhoneSimulator.ActiveCfg = Debug|Any CPU
		{97C21DC1-8804-45D5-A3B7-30DB30CDA4C3}.Debug|iPhoneSimulator.Build.0 = Debug|Any CPU
		{97C21DC1-8804-45D5-A3B7-30DB30CDA4C3}.Debug|x64.ActiveCfg = Debug|Any CPU
		{97C21DC1-8804-45D5-A3B7-30DB30CDA4C3}.Debug|x64.Build.0 = Debug|Any CPU
		{97C21DC1-8804-45D5-A3B7-30DB30CDA4C3}.Debug|x86.ActiveCfg = Debug|Any CPU
		{97C21DC1-8804-45D5-A3B7-30DB30CDA4C3}.Debug|x86.Build.0 = Debug|Any CPU
		{97C21DC1-8804-45D5-A3B7-30DB30CDA4C3}.Release|Any CPU.ActiveCfg = Release|Any CPU
		{97C21DC1-8804-45D5-A3B7-30DB30CDA4C3}.Release|Any CPU.Build.0 = Release|Any CPU
		{97C21DC1-8804-45D5-A3B7-30DB30CDA4C3}.Release|ARM.ActiveCfg = Release|Any CPU
		{97C21DC1-8804-45D5-A3B7-30DB30CDA4C3}.Release|ARM.Build.0 = Release|Any CPU
		{97C21DC1-8804-45D5-A3B7-30DB30CDA4C3}.Release|ARM64.ActiveCfg = Release|Any CPU
		{97C21DC1-8804-45D5-A3B7-30DB30CDA4C3}.Release|ARM64.Build.0 = Release|Any CPU
		{97C21DC1-8804-45D5-A3B7-30DB30CDA4C3}.Release|iPhone.ActiveCfg = Release|Any CPU
		{97C21DC1-8804-45D5-A3B7-30DB30CDA4C3}.Release|iPhone.Build.0 = Release|Any CPU
		{97C21DC1-8804-45D5-A3B7-30DB30CDA4C3}.Release|iPhoneSimulator.ActiveCfg = Release|Any CPU
		{97C21DC1-8804-45D5-A3B7-30DB30CDA4C3}.Release|iPhoneSimulator.Build.0 = Release|Any CPU
		{97C21DC1-8804-45D5-A3B7-30DB30CDA4C3}.Release|x64.ActiveCfg = Release|Any CPU
		{97C21DC1-8804-45D5-A3B7-30DB30CDA4C3}.Release|x64.Build.0 = Release|Any CPU
		{97C21DC1-8804-45D5-A3B7-30DB30CDA4C3}.Release|x86.ActiveCfg = Release|Any CPU
		{97C21DC1-8804-45D5-A3B7-30DB30CDA4C3}.Release|x86.Build.0 = Release|Any CPU
		{7EB02150-C037-43F3-99CA-C9FAC906E123}.Debug|Any CPU.ActiveCfg = Debug|Any CPU
		{7EB02150-C037-43F3-99CA-C9FAC906E123}.Debug|Any CPU.Build.0 = Debug|Any CPU
		{7EB02150-C037-43F3-99CA-C9FAC906E123}.Debug|ARM.ActiveCfg = Debug|Any CPU
		{7EB02150-C037-43F3-99CA-C9FAC906E123}.Debug|ARM.Build.0 = Debug|Any CPU
		{7EB02150-C037-43F3-99CA-C9FAC906E123}.Debug|ARM64.ActiveCfg = Debug|Any CPU
		{7EB02150-C037-43F3-99CA-C9FAC906E123}.Debug|ARM64.Build.0 = Debug|Any CPU
		{7EB02150-C037-43F3-99CA-C9FAC906E123}.Debug|iPhone.ActiveCfg = Debug|Any CPU
		{7EB02150-C037-43F3-99CA-C9FAC906E123}.Debug|iPhone.Build.0 = Debug|Any CPU
		{7EB02150-C037-43F3-99CA-C9FAC906E123}.Debug|iPhoneSimulator.ActiveCfg = Debug|Any CPU
		{7EB02150-C037-43F3-99CA-C9FAC906E123}.Debug|iPhoneSimulator.Build.0 = Debug|Any CPU
		{7EB02150-C037-43F3-99CA-C9FAC906E123}.Debug|x64.ActiveCfg = Debug|Any CPU
		{7EB02150-C037-43F3-99CA-C9FAC906E123}.Debug|x64.Build.0 = Debug|Any CPU
		{7EB02150-C037-43F3-99CA-C9FAC906E123}.Debug|x86.ActiveCfg = Debug|Any CPU
		{7EB02150-C037-43F3-99CA-C9FAC906E123}.Debug|x86.Build.0 = Debug|Any CPU
		{7EB02150-C037-43F3-99CA-C9FAC906E123}.Release|Any CPU.ActiveCfg = Release|Any CPU
		{7EB02150-C037-43F3-99CA-C9FAC906E123}.Release|Any CPU.Build.0 = Release|Any CPU
		{7EB02150-C037-43F3-99CA-C9FAC906E123}.Release|ARM.ActiveCfg = Release|Any CPU
		{7EB02150-C037-43F3-99CA-C9FAC906E123}.Release|ARM.Build.0 = Release|Any CPU
		{7EB02150-C037-43F3-99CA-C9FAC906E123}.Release|ARM64.ActiveCfg = Release|Any CPU
		{7EB02150-C037-43F3-99CA-C9FAC906E123}.Release|ARM64.Build.0 = Release|Any CPU
		{7EB02150-C037-43F3-99CA-C9FAC906E123}.Release|iPhone.ActiveCfg = Release|Any CPU
		{7EB02150-C037-43F3-99CA-C9FAC906E123}.Release|iPhone.Build.0 = Release|Any CPU
		{7EB02150-C037-43F3-99CA-C9FAC906E123}.Release|iPhoneSimulator.ActiveCfg = Release|Any CPU
		{7EB02150-C037-43F3-99CA-C9FAC906E123}.Release|iPhoneSimulator.Build.0 = Release|Any CPU
		{7EB02150-C037-43F3-99CA-C9FAC906E123}.Release|x64.ActiveCfg = Release|Any CPU
		{7EB02150-C037-43F3-99CA-C9FAC906E123}.Release|x64.Build.0 = Release|Any CPU
		{7EB02150-C037-43F3-99CA-C9FAC906E123}.Release|x86.ActiveCfg = Release|Any CPU
		{7EB02150-C037-43F3-99CA-C9FAC906E123}.Release|x86.Build.0 = Release|Any CPU
		{079549FA-4576-44E4-9095-5F7489C1A6F6}.Debug|Any CPU.ActiveCfg = Debug|Any CPU
		{079549FA-4576-44E4-9095-5F7489C1A6F6}.Debug|Any CPU.Build.0 = Debug|Any CPU
		{079549FA-4576-44E4-9095-5F7489C1A6F6}.Debug|ARM.ActiveCfg = Debug|Any CPU
		{079549FA-4576-44E4-9095-5F7489C1A6F6}.Debug|ARM.Build.0 = Debug|Any CPU
		{079549FA-4576-44E4-9095-5F7489C1A6F6}.Debug|ARM64.ActiveCfg = Debug|Any CPU
		{079549FA-4576-44E4-9095-5F7489C1A6F6}.Debug|ARM64.Build.0 = Debug|Any CPU
		{079549FA-4576-44E4-9095-5F7489C1A6F6}.Debug|iPhone.ActiveCfg = Debug|Any CPU
		{079549FA-4576-44E4-9095-5F7489C1A6F6}.Debug|iPhone.Build.0 = Debug|Any CPU
		{079549FA-4576-44E4-9095-5F7489C1A6F6}.Debug|iPhoneSimulator.ActiveCfg = Debug|Any CPU
		{079549FA-4576-44E4-9095-5F7489C1A6F6}.Debug|iPhoneSimulator.Build.0 = Debug|Any CPU
		{079549FA-4576-44E4-9095-5F7489C1A6F6}.Debug|x64.ActiveCfg = Debug|Any CPU
		{079549FA-4576-44E4-9095-5F7489C1A6F6}.Debug|x64.Build.0 = Debug|Any CPU
		{079549FA-4576-44E4-9095-5F7489C1A6F6}.Debug|x86.ActiveCfg = Debug|Any CPU
		{079549FA-4576-44E4-9095-5F7489C1A6F6}.Debug|x86.Build.0 = Debug|Any CPU
		{079549FA-4576-44E4-9095-5F7489C1A6F6}.Release|Any CPU.ActiveCfg = Release|Any CPU
		{079549FA-4576-44E4-9095-5F7489C1A6F6}.Release|Any CPU.Build.0 = Release|Any CPU
		{079549FA-4576-44E4-9095-5F7489C1A6F6}.Release|ARM.ActiveCfg = Release|Any CPU
		{079549FA-4576-44E4-9095-5F7489C1A6F6}.Release|ARM.Build.0 = Release|Any CPU
		{079549FA-4576-44E4-9095-5F7489C1A6F6}.Release|ARM64.ActiveCfg = Release|Any CPU
		{079549FA-4576-44E4-9095-5F7489C1A6F6}.Release|ARM64.Build.0 = Release|Any CPU
		{079549FA-4576-44E4-9095-5F7489C1A6F6}.Release|iPhone.ActiveCfg = Release|Any CPU
		{079549FA-4576-44E4-9095-5F7489C1A6F6}.Release|iPhone.Build.0 = Release|Any CPU
		{079549FA-4576-44E4-9095-5F7489C1A6F6}.Release|iPhoneSimulator.ActiveCfg = Release|Any CPU
		{079549FA-4576-44E4-9095-5F7489C1A6F6}.Release|iPhoneSimulator.Build.0 = Release|Any CPU
		{079549FA-4576-44E4-9095-5F7489C1A6F6}.Release|x64.ActiveCfg = Release|Any CPU
		{079549FA-4576-44E4-9095-5F7489C1A6F6}.Release|x64.Build.0 = Release|Any CPU
		{079549FA-4576-44E4-9095-5F7489C1A6F6}.Release|x86.ActiveCfg = Release|Any CPU
		{079549FA-4576-44E4-9095-5F7489C1A6F6}.Release|x86.Build.0 = Release|Any CPU
		{61048564-3128-4F54-B5EF-F777DDC112ED}.Debug|Any CPU.ActiveCfg = Debug|Any CPU
		{61048564-3128-4F54-B5EF-F777DDC112ED}.Debug|Any CPU.Build.0 = Debug|Any CPU
		{61048564-3128-4F54-B5EF-F777DDC112ED}.Debug|ARM.ActiveCfg = Debug|Any CPU
		{61048564-3128-4F54-B5EF-F777DDC112ED}.Debug|ARM.Build.0 = Debug|Any CPU
		{61048564-3128-4F54-B5EF-F777DDC112ED}.Debug|ARM64.ActiveCfg = Debug|Any CPU
		{61048564-3128-4F54-B5EF-F777DDC112ED}.Debug|ARM64.Build.0 = Debug|Any CPU
		{61048564-3128-4F54-B5EF-F777DDC112ED}.Debug|iPhone.ActiveCfg = Debug|Any CPU
		{61048564-3128-4F54-B5EF-F777DDC112ED}.Debug|iPhone.Build.0 = Debug|Any CPU
		{61048564-3128-4F54-B5EF-F777DDC112ED}.Debug|iPhoneSimulator.ActiveCfg = Debug|Any CPU
		{61048564-3128-4F54-B5EF-F777DDC112ED}.Debug|iPhoneSimulator.Build.0 = Debug|Any CPU
		{61048564-3128-4F54-B5EF-F777DDC112ED}.Debug|x64.ActiveCfg = Debug|Any CPU
		{61048564-3128-4F54-B5EF-F777DDC112ED}.Debug|x64.Build.0 = Debug|Any CPU
		{61048564-3128-4F54-B5EF-F777DDC112ED}.Debug|x86.ActiveCfg = Debug|Any CPU
		{61048564-3128-4F54-B5EF-F777DDC112ED}.Debug|x86.Build.0 = Debug|Any CPU
		{61048564-3128-4F54-B5EF-F777DDC112ED}.Release|Any CPU.ActiveCfg = Release|Any CPU
		{61048564-3128-4F54-B5EF-F777DDC112ED}.Release|Any CPU.Build.0 = Release|Any CPU
		{61048564-3128-4F54-B5EF-F777DDC112ED}.Release|ARM.ActiveCfg = Release|Any CPU
		{61048564-3128-4F54-B5EF-F777DDC112ED}.Release|ARM.Build.0 = Release|Any CPU
		{61048564-3128-4F54-B5EF-F777DDC112ED}.Release|ARM64.ActiveCfg = Release|Any CPU
		{61048564-3128-4F54-B5EF-F777DDC112ED}.Release|ARM64.Build.0 = Release|Any CPU
		{61048564-3128-4F54-B5EF-F777DDC112ED}.Release|iPhone.ActiveCfg = Release|Any CPU
		{61048564-3128-4F54-B5EF-F777DDC112ED}.Release|iPhone.Build.0 = Release|Any CPU
		{61048564-3128-4F54-B5EF-F777DDC112ED}.Release|iPhoneSimulator.ActiveCfg = Release|Any CPU
		{61048564-3128-4F54-B5EF-F777DDC112ED}.Release|iPhoneSimulator.Build.0 = Release|Any CPU
		{61048564-3128-4F54-B5EF-F777DDC112ED}.Release|x64.ActiveCfg = Release|Any CPU
		{61048564-3128-4F54-B5EF-F777DDC112ED}.Release|x64.Build.0 = Release|Any CPU
		{61048564-3128-4F54-B5EF-F777DDC112ED}.Release|x86.ActiveCfg = Release|Any CPU
		{61048564-3128-4F54-B5EF-F777DDC112ED}.Release|x86.Build.0 = Release|Any CPU
		{7CE1BCF0-B03B-4EA9-B240-7F004A16E320}.Debug|Any CPU.ActiveCfg = Debug|Any CPU
		{7CE1BCF0-B03B-4EA9-B240-7F004A16E320}.Debug|Any CPU.Build.0 = Debug|Any CPU
		{7CE1BCF0-B03B-4EA9-B240-7F004A16E320}.Debug|ARM.ActiveCfg = Debug|Any CPU
		{7CE1BCF0-B03B-4EA9-B240-7F004A16E320}.Debug|ARM.Build.0 = Debug|Any CPU
		{7CE1BCF0-B03B-4EA9-B240-7F004A16E320}.Debug|ARM64.ActiveCfg = Debug|Any CPU
		{7CE1BCF0-B03B-4EA9-B240-7F004A16E320}.Debug|ARM64.Build.0 = Debug|Any CPU
		{7CE1BCF0-B03B-4EA9-B240-7F004A16E320}.Debug|iPhone.ActiveCfg = Debug|Any CPU
		{7CE1BCF0-B03B-4EA9-B240-7F004A16E320}.Debug|iPhone.Build.0 = Debug|Any CPU
		{7CE1BCF0-B03B-4EA9-B240-7F004A16E320}.Debug|iPhoneSimulator.ActiveCfg = Debug|Any CPU
		{7CE1BCF0-B03B-4EA9-B240-7F004A16E320}.Debug|iPhoneSimulator.Build.0 = Debug|Any CPU
		{7CE1BCF0-B03B-4EA9-B240-7F004A16E320}.Debug|x64.ActiveCfg = Debug|Any CPU
		{7CE1BCF0-B03B-4EA9-B240-7F004A16E320}.Debug|x64.Build.0 = Debug|Any CPU
		{7CE1BCF0-B03B-4EA9-B240-7F004A16E320}.Debug|x86.ActiveCfg = Debug|Any CPU
		{7CE1BCF0-B03B-4EA9-B240-7F004A16E320}.Debug|x86.Build.0 = Debug|Any CPU
		{7CE1BCF0-B03B-4EA9-B240-7F004A16E320}.Release|Any CPU.ActiveCfg = Release|Any CPU
		{7CE1BCF0-B03B-4EA9-B240-7F004A16E320}.Release|Any CPU.Build.0 = Release|Any CPU
		{7CE1BCF0-B03B-4EA9-B240-7F004A16E320}.Release|ARM.ActiveCfg = Release|Any CPU
		{7CE1BCF0-B03B-4EA9-B240-7F004A16E320}.Release|ARM.Build.0 = Release|Any CPU
		{7CE1BCF0-B03B-4EA9-B240-7F004A16E320}.Release|ARM64.ActiveCfg = Release|Any CPU
		{7CE1BCF0-B03B-4EA9-B240-7F004A16E320}.Release|ARM64.Build.0 = Release|Any CPU
		{7CE1BCF0-B03B-4EA9-B240-7F004A16E320}.Release|iPhone.ActiveCfg = Release|Any CPU
		{7CE1BCF0-B03B-4EA9-B240-7F004A16E320}.Release|iPhone.Build.0 = Release|Any CPU
		{7CE1BCF0-B03B-4EA9-B240-7F004A16E320}.Release|iPhoneSimulator.ActiveCfg = Release|Any CPU
		{7CE1BCF0-B03B-4EA9-B240-7F004A16E320}.Release|iPhoneSimulator.Build.0 = Release|Any CPU
		{7CE1BCF0-B03B-4EA9-B240-7F004A16E320}.Release|x64.ActiveCfg = Release|Any CPU
		{7CE1BCF0-B03B-4EA9-B240-7F004A16E320}.Release|x64.Build.0 = Release|Any CPU
		{7CE1BCF0-B03B-4EA9-B240-7F004A16E320}.Release|x86.ActiveCfg = Release|Any CPU
		{7CE1BCF0-B03B-4EA9-B240-7F004A16E320}.Release|x86.Build.0 = Release|Any CPU
		{0E49F515-94F2-4B11-85AD-E94EF3A97C4E}.Debug|ARM.ActiveCfg = Debug|x64
		{0E49F515-94F2-4B11-85AD-E94EF3A97C4E}.Debug|ARM.Build.0 = Debug|x64
		{0E49F515-94F2-4B11-85AD-E94EF3A97C4E}.Debug|ARM.Deploy.0 = Debug|x64
		{0E49F515-94F2-4B11-85AD-E94EF3A97C4E}.Debug|ARM64.ActiveCfg = Debug|arm64
		{0E49F515-94F2-4B11-85AD-E94EF3A97C4E}.Debug|ARM64.Build.0 = Debug|arm64
		{0E49F515-94F2-4B11-85AD-E94EF3A97C4E}.Debug|ARM64.Deploy.0 = Debug|arm64
		{0E49F515-94F2-4B11-85AD-E94EF3A97C4E}.Debug|iPhone.ActiveCfg = Debug|x64
		{0E49F515-94F2-4B11-85AD-E94EF3A97C4E}.Debug|iPhone.Build.0 = Debug|x64
		{0E49F515-94F2-4B11-85AD-E94EF3A97C4E}.Debug|iPhone.Deploy.0 = Debug|x64
		{0E49F515-94F2-4B11-85AD-E94EF3A97C4E}.Debug|iPhoneSimulator.ActiveCfg = Debug|x64
		{0E49F515-94F2-4B11-85AD-E94EF3A97C4E}.Debug|iPhoneSimulator.Build.0 = Debug|x64
		{0E49F515-94F2-4B11-85AD-E94EF3A97C4E}.Debug|iPhoneSimulator.Deploy.0 = Debug|x64
		{0E49F515-94F2-4B11-85AD-E94EF3A97C4E}.Debug|x64.ActiveCfg = Debug|x64
		{0E49F515-94F2-4B11-85AD-E94EF3A97C4E}.Debug|x64.Build.0 = Debug|x64
		{0E49F515-94F2-4B11-85AD-E94EF3A97C4E}.Debug|x86.ActiveCfg = Debug|x86
		{0E49F515-94F2-4B11-85AD-E94EF3A97C4E}.Debug|x86.Build.0 = Debug|x86
		{0E49F515-94F2-4B11-85AD-E94EF3A97C4E}.Release|Any CPU.ActiveCfg = Release|x64
		{0E49F515-94F2-4B11-85AD-E94EF3A97C4E}.Release|Any CPU.Build.0 = Release|x64
		{0E49F515-94F2-4B11-85AD-E94EF3A97C4E}.Release|Any CPU.Deploy.0 = Release|x64
		{0E49F515-94F2-4B11-85AD-E94EF3A97C4E}.Release|ARM.ActiveCfg = Release|x64
		{0E49F515-94F2-4B11-85AD-E94EF3A97C4E}.Release|ARM.Build.0 = Release|x64
		{0E49F515-94F2-4B11-85AD-E94EF3A97C4E}.Release|ARM64.ActiveCfg = Release|arm64
		{0E49F515-94F2-4B11-85AD-E94EF3A97C4E}.Release|ARM64.Build.0 = Release|arm64
		{0E49F515-94F2-4B11-85AD-E94EF3A97C4E}.Release|iPhone.ActiveCfg = Release|x64
		{0E49F515-94F2-4B11-85AD-E94EF3A97C4E}.Release|iPhone.Build.0 = Release|x64
		{0E49F515-94F2-4B11-85AD-E94EF3A97C4E}.Release|iPhoneSimulator.ActiveCfg = Release|x64
		{0E49F515-94F2-4B11-85AD-E94EF3A97C4E}.Release|iPhoneSimulator.Build.0 = Release|x64
		{0E49F515-94F2-4B11-85AD-E94EF3A97C4E}.Release|x64.ActiveCfg = Release|x64
		{0E49F515-94F2-4B11-85AD-E94EF3A97C4E}.Release|x64.Build.0 = Release|x64
		{0E49F515-94F2-4B11-85AD-E94EF3A97C4E}.Release|x86.ActiveCfg = Release|x86
		{0E49F515-94F2-4B11-85AD-E94EF3A97C4E}.Release|x86.Build.0 = Release|x86
		{0E49F515-94F2-4B11-85AD-E94EF3A97C4E}.Debug|Any CPU.ActiveCfg = Debug|arm64
		{2189102C-8698-4760-A2C5-ADED686F84E2}.Debug|Any CPU.ActiveCfg = Debug|Any CPU
		{2189102C-8698-4760-A2C5-ADED686F84E2}.Debug|Any CPU.Build.0 = Debug|Any CPU
	EndGlobalSection
	GlobalSection(SolutionProperties) = preSolution
		HideSolutionNode = FALSE
	EndGlobalSection
	GlobalSection(NestedProjects) = preSolution
		{079549FA-4576-44E4-9095-5F7489C1A6F6} = {06CA4A07-D26E-4492-A23B-28C95C1F9AE6}
		{2189102C-8698-4760-A2C5-ADED686F84E2} = {3960E5F7-4B3A-4CE7-A681-DEDC6C3EDCED}
		{7EB02150-C037-43F3-99CA-C9FAC906E123} = {06CA4A07-D26E-4492-A23B-28C95C1F9AE6}
		{3960E5F7-4B3A-4CE7-A681-DEDC6C3EDCED} = {06CA4A07-D26E-4492-A23B-28C95C1F9AE6}
		{98850FD8-8AF6-4EBE-A32D-FC11B2AFC657} = {06CA4A07-D26E-4492-A23B-28C95C1F9AE6}
		{FE611C65-753D-4728-A292-4E31B8319A67} = {3960E5F7-4B3A-4CE7-A681-DEDC6C3EDCED}
		{0E49F515-94F2-4B11-85AD-E94EF3A97C4E} = {3960E5F7-4B3A-4CE7-A681-DEDC6C3EDCED}
		{97C21DC1-8804-45D5-A3B7-30DB30CDA4C3} = {98850FD8-8AF6-4EBE-A32D-FC11B2AFC657}
		{61048564-3128-4F54-B5EF-F777DDC112ED} = {CEA87FAE-5586-4D63-A9A2-8FF0A01087F1}
		{7CE1BCF0-B03B-4EA9-B240-7F004A16E320} = {CEA87FAE-5586-4D63-A9A2-8FF0A01087F1}
	EndGlobalSection
	GlobalSection(ExtensibilityGlobals) = postSolution
		SolutionGuid = {0EA4F599-B0A9-4EB5-9D01-1FFEC6551DD2}
	EndGlobalSection
EndGlobal
